
Microsoft Visual Studio Solution File, Format Version 11.00
# Visual Studio 2010
Project("{FAE04EC0-301F-11D3-BF4B-00C04F79EFBC}") = "Juego Estilo RPG", "Assembly-CSharp.csproj", "{03422326-8DBA-0CB8-DB54-4B8754202134}"
EndProject
Project("{FAE04EC0-301F-11D3-BF4B-00C04F79EFBC}") = "Juego Estilo RPG", "Assembly-CSharp-Editor.csproj", "{2206841B-23BA-0258-036D-84DA7250141E}"
EndProject
Global
	GlobalSection(SolutionConfigurationPlatforms) = preSolution
		Debug|Any CPU = Debug|Any CPU
		Release|Any CPU = Release|Any CPU
	EndGlobalSection
	GlobalSection(ProjectConfigurationPlatforms) = postSolution
		{03422326-8DBA-0CB8-DB54-4B8754202134}.Debug|Any CPU.ActiveCfg = Debug|Any CPU
		{03422326-8DBA-0CB8-DB54-4B8754202134}.Debug|Any CPU.Build.0 = Debug|Any CPU
		{03422326-8DBA-0CB8-DB54-4B8754202134}.Release|Any CPU.ActiveCfg = Release|Any CPU
		{03422326-8DBA-0CB8-DB54-4B8754202134}.Release|Any CPU.Build.0 = Release|Any CPU
		{2206841B-23BA-0258-036D-84DA7250141E}.Debug|Any CPU.ActiveCfg = Debug|Any CPU
		{2206841B-23BA-0258-036D-84DA7250141E}.Debug|Any CPU.Build.0 = Debug|Any CPU
		{2206841B-23BA-0258-036D-84DA7250141E}.Release|Any CPU.ActiveCfg = Release|Any CPU
		{2206841B-23BA-0258-036D-84DA7250141E}.Release|Any CPU.Build.0 = Release|Any CPU
	EndGlobalSection
	GlobalSection(SolutionProperties) = preSolution
		HideSolutionNode = FALSE
	EndGlobalSection
	GlobalSection(MonoDevelopProperties) = preSolution
		StartupItem = Assembly-CSharp.csproj
	EndGlobalSection
EndGlobal
